
Microsoft Visual Studio Solution File, Format Version 12.00
# Visual Studio Version 17
VisualStudioVersion = 17.0.32014.148
MinimumVisualStudioVersion = 10.0.40219.1
Project("{FAE04EC0-301F-11D3-BF4B-00C04F79EFBC}") = "Vistas", "Vistas\Vistas.csproj", "{CF79CB7B-1D4D-401E-B2EC-9B14D4C670FF}"
EndProject
Project("{FAE04EC0-301F-11D3-BF4B-00C04F79EFBC}") = "CapaNegocio", "CapaNegocio\CapaNegocio.csproj", "{82D89E20-9612-44C4-B9E1-0BEB125E8AE1}"
EndProject
Project("{FAE04EC0-301F-11D3-BF4B-00C04F79EFBC}") = "CapaDao", "CapaDao\CapaDao.csproj", "{80690942-C352-4BF1-987B-1CC4E3481DC8}"
EndProject
Project("{FAE04EC0-301F-11D3-BF4B-00C04F79EFBC}") = "Entidades", "Entidades\Entidades.csproj", "{256C6D5B-FD66-4978-9744-2FBEA22D11EE}"
EndProject
Global
	GlobalSection(SolutionConfigurationPlatforms) = preSolution
		Debug|Any CPU = Debug|Any CPU
		Release|Any CPU = Release|Any CPU
	EndGlobalSection
	GlobalSection(ProjectConfigurationPlatforms) = postSolution
		{CF79CB7B-1D4D-401E-B2EC-9B14D4C670FF}.Debug|Any CPU.ActiveCfg = Debug|Any CPU
		{CF79CB7B-1D4D-401E-B2EC-9B14D4C670FF}.Debug|Any CPU.Build.0 = Debug|Any CPU
		{CF79CB7B-1D4D-401E-B2EC-9B14D4C670FF}.Release|Any CPU.ActiveCfg = Release|Any CPU
		{CF79CB7B-1D4D-401E-B2EC-9B14D4C670FF}.Release|Any CPU.Build.0 = Release|Any CPU
		{82D89E20-9612-44C4-B9E1-0BEB125E8AE1}.Debug|Any CPU.ActiveCfg = Debug|Any CPU
		{82D89E20-9612-44C4-B9E1-0BEB125E8AE1}.Debug|Any CPU.Build.0 = Debug|Any CPU
		{82D89E20-9612-44C4-B9E1-0BEB125E8AE1}.Release|Any CPU.ActiveCfg = Release|Any CPU
		{82D89E20-9612-44C4-B9E1-0BEB125E8AE1}.Release|Any CPU.Build.0 = Release|Any CPU
		{80690942-C352-4BF1-987B-1CC4E3481DC8}.Debug|Any CPU.ActiveCfg = Debug|Any CPU
		{80690942-C352-4BF1-987B-1CC4E3481DC8}.Debug|Any CPU.Build.0 = Debug|Any CPU
		{80690942-C352-4BF1-987B-1CC4E3481DC8}.Release|Any CPU.ActiveCfg = Release|Any CPU
		{80690942-C352-4BF1-987B-1CC4E3481DC8}.Release|Any CPU.Build.0 = Release|Any CPU
		{256C6D5B-FD66-4978-9744-2FBEA22D11EE}.Debug|Any CPU.ActiveCfg = Debug|Any CPU
		{256C6D5B-FD66-4978-9744-2FBEA22D11EE}.Debug|Any CPU.Build.0 = Debug|Any CPU
		{256C6D5B-FD66-4978-9744-2FBEA22D11EE}.Release|Any CPU.ActiveCfg = Release|Any CPU
		{256C6D5B-FD66-4978-9744-2FBEA22D11EE}.Release|Any CPU.Build.0 = Release|Any CPU
	EndGlobalSection
	GlobalSection(SolutionProperties) = preSolution
		HideSolutionNode = FALSE
	EndGlobalSection
	GlobalSection(ExtensibilityGlobals) = postSolution
		SolutionGuid = {85BD073E-DDEF-49CC-B8E5-7F73EA6C2D57}
	EndGlobalSection
EndGlobal
